
Microsoft Visual Studio Solution File, Format Version 12.00
# Visual Studio Version 17
VisualStudioVersion = 17.4.33205.214
MinimumVisualStudioVersion = 10.0.40219.1
Project("{FAE04EC0-301F-11D3-BF4B-00C04F79EFBC}") = "ACT.CfFusen", "ACT.CfFusen\ACT.CfFusen.csproj", "{3DC0BB5A-2999-4C82-8694-9386A65EBE79}"
EndProject
Project("{FAE04EC0-301F-11D3-BF4B-00C04F79EFBC}") = "ACT.CfFusen.Test", "ACT.CfFusen.Test\ACT.CfFusen.Test.csproj", "{DF075E29-A51D-456F-8C94-4D46C4B1B5E4}"
EndProject
Global
	GlobalSection(SolutionConfigurationPlatforms) = preSolution
		Debug|Any CPU = Debug|Any CPU
		Release|Any CPU = Release|Any CPU
	EndGlobalSection
	GlobalSection(ProjectConfigurationPlatforms) = postSolution
		{3DC0BB5A-2999-4C82-8694-9386A65EBE79}.Debug|Any CPU.ActiveCfg = Debug|Any CPU
		{3DC0BB5A-2999-4C82-8694-9386A65EBE79}.Debug|Any CPU.Build.0 = Debug|Any CPU
		{3DC0BB5A-2999-4C82-8694-9386A65EBE79}.Release|Any CPU.ActiveCfg = Release|Any CPU
		{3DC0BB5A-2999-4C82-8694-9386A65EBE79}.Release|Any CPU.Build.0 = Release|Any CPU
		{DF075E29-A51D-456F-8C94-4D46C4B1B5E4}.Debug|Any CPU.ActiveCfg = Debug|Any CPU
		{DF075E29-A51D-456F-8C94-4D46C4B1B5E4}.Debug|Any CPU.Build.0 = Debug|Any CPU
		{DF075E29-A51D-456F-8C94-4D46C4B1B5E4}.Release|Any CPU.ActiveCfg = Release|Any CPU
		{DF075E29-A51D-456F-8C94-4D46C4B1B5E4}.Release|Any CPU.Build.0 = Release|Any CPU
	EndGlobalSection
	GlobalSection(SolutionProperties) = preSolution
		HideSolutionNode = FALSE
	EndGlobalSection
	GlobalSection(ExtensibilityGlobals) = postSolution
		SolutionGuid = {D8E48E5A-8E87-4023-8205-E75D38E6A5EC}
	EndGlobalSection
EndGlobal
